
Microsoft Visual Studio Solution File, Format Version 12.00
# Visual Studio 15
VisualStudioVersion = 15.0.28307.438
MinimumVisualStudioVersion = 10.0.40219.1
Project("{8BC9CEB8-8B4A-11D0-8D11-00A0C91BC942}") = "lab1-dynamic-array", "lab1-dynamic-array\lab1-dynamic-array.vcxproj", "{73CFCE79-2FD7-471E-A203-69B2B5E88FA8}"
EndProject
Global
	GlobalSection(SolutionConfigurationPlatforms) = preSolution
		Debug|x64 = Debug|x64
		Debug|x86 = Debug|x86
		Release|x64 = Release|x64
		Release|x86 = Release|x86
	EndGlobalSection
	GlobalSection(ProjectConfigurationPlatforms) = postSolution
		{73CFCE79-2FD7-471E-A203-69B2B5E88FA8}.Debug|x64.ActiveCfg = Debug|x64
		{73CFCE79-2FD7-471E-A203-69B2B5E88FA8}.Debug|x64.Build.0 = Debug|x64
		{73CFCE79-2FD7-471E-A203-69B2B5E88FA8}.Debug|x86.ActiveCfg = Debug|Win32
		{73CFCE79-2FD7-471E-A203-69B2B5E88FA8}.Debug|x86.Build.0 = Debug|Win32
		{73CFCE79-2FD7-471E-A203-69B2B5E88FA8}.Release|x64.ActiveCfg = Release|x64
		{73CFCE79-2FD7-471E-A203-69B2B5E88FA8}.Release|x64.Build.0 = Release|x64
		{73CFCE79-2FD7-471E-A203-69B2B5E88FA8}.Release|x86.ActiveCfg = Release|Win32
		{73CFCE79-2FD7-471E-A203-69B2B5E88FA8}.Release|x86.Build.0 = Release|Win32
	EndGlobalSection
	GlobalSection(SolutionProperties) = preSolution
		HideSolutionNode = FALSE
	EndGlobalSection
	GlobalSection(ExtensibilityGlobals) = postSolution
		SolutionGuid = {847FD1F8-F7A0-4EBD-9172-BA6415940027}
	EndGlobalSection
EndGlobal
